// !$*UTF8*$!
{
	archiveVersion = 1;
	classes = {
	};
	objectVersion = 55;
	objects = {

/* Begin PBXBuildFile section */
		1B19999C278A031300423F3D /* ASOSiOS.framework in Frameworks */ = {isa = PBXBuildFile; fileRef = 1B19999B278A031300423F3D /* ASOSiOS.framework */; };
		1B19999D278A031300423F3D /* ASOSiOS.framework in Embed Frameworks */ = {isa = PBXBuildFile; fileRef = 1B19999B278A031300423F3D /* ASOSiOS.framework */; settings = {ATTRIBUTES = (CodeSignOnCopy, RemoveHeadersOnCopy, ); }; };
		1B1999B6278A061D00423F3D /* ASOSiPadOS.framework in Frameworks */ = {isa = PBXBuildFile; fileRef = 1B1999B5278A061D00423F3D /* ASOSiPadOS.framework */; };
		1B1999B7278A061D00423F3D /* ASOSiPadOS.framework in Embed Frameworks */ = {isa = PBXBuildFile; fileRef = 1B1999B5278A061D00423F3D /* ASOSiPadOS.framework */; settings = {ATTRIBUTES = (CodeSignOnCopy, RemoveHeadersOnCopy, ); }; };
		1B1999E1278A0AE300423F3D /* ASOS.framework in Frameworks */ = {isa = PBXBuildFile; fileRef = 1B1999E0278A0AE300423F3D /* ASOS.framework */; };
		1B1999E2278A0AE400423F3D /* ASOS.framework in Embed Frameworks */ = {isa = PBXBuildFile; fileRef = 1B1999E0278A0AE300423F3D /* ASOS.framework */; settings = {ATTRIBUTES = (CodeSignOnCopy, RemoveHeadersOnCopy, ); }; };
		1BFC5477278A020E00CE9474 /* AppDelegate.swift in Sources */ = {isa = PBXBuildFile; fileRef = 1BFC5476278A020E00CE9474 /* AppDelegate.swift */; };
		1BFC5479278A020E00CE9474 /* SceneDelegate.swift in Sources */ = {isa = PBXBuildFile; fileRef = 1BFC5478278A020E00CE9474 /* SceneDelegate.swift */; };
		1BFC5480278A021000CE9474 /* Assets.xcassets in Resources */ = {isa = PBXBuildFile; fileRef = 1BFC547F278A021000CE9474 /* Assets.xcassets */; };
		1BFC5483278A021000CE9474 /* LaunchScreen.storyboard in Resources */ = {isa = PBXBuildFile; fileRef = 1BFC5481278A021000CE9474 /* LaunchScreen.storyboard */; };
/* End PBXBuildFile section */

/* Begin PBXCopyFilesBuildPhase section */
		1B19999E278A031300423F3D /* Embed Frameworks */ = {
			isa = PBXCopyFilesBuildPhase;
			buildActionMask = 2147483647;
			dstPath = "";
			dstSubfolderSpec = 10;
			files = (
				1B1999E2278A0AE400423F3D /* ASOS.framework in Embed Frameworks */,
				1B1999B7278A061D00423F3D /* ASOSiPadOS.framework in Embed Frameworks */,
				1B19999D278A031300423F3D /* ASOSiOS.framework in Embed Frameworks */,
			);
			name = "Embed Frameworks";
			runOnlyForDeploymentPostprocessing = 0;
		};
/* End PBXCopyFilesBuildPhase section */

/* Begin PBXFileReference section */
		1B19999B278A031300423F3D /* ASOSiOS.framework */ = {isa = PBXFileReference; explicitFileType = wrapper.framework; path = ASOSiOS.framework; sourceTree = BUILT_PRODUCTS_DIR; };
		1B1999B5278A061D00423F3D /* ASOSiPadOS.framework */ = {isa = PBXFileReference; explicitFileType = wrapper.framework; path = ASOSiPadOS.framework; sourceTree = BUILT_PRODUCTS_DIR; };
		1B1999E0278A0AE300423F3D /* ASOS.framework */ = {isa = PBXFileReference; explicitFileType = wrapper.framework; path = ASOS.framework; sourceTree = BUILT_PRODUCTS_DIR; };
		1BFC5473278A020E00CE9474 /* ASOS_App.app */ = {isa = PBXFileReference; explicitFileType = wrapper.application; includeInIndex = 0; path = ASOS_App.app; sourceTree = BUILT_PRODUCTS_DIR; };
		1BFC5476278A020E00CE9474 /* AppDelegate.swift */ = {isa = PBXFileReference; lastKnownFileType = sourcecode.swift; path = AppDelegate.swift; sourceTree = "<group>"; };
		1BFC5478278A020E00CE9474 /* SceneDelegate.swift */ = {isa = PBXFileReference; lastKnownFileType = sourcecode.swift; path = SceneDelegate.swift; sourceTree = "<group>"; };
		1BFC547F278A021000CE9474 /* Assets.xcassets */ = {isa = PBXFileReference; lastKnownFileType = folder.assetcatalog; path = Assets.xcassets; sourceTree = "<group>"; };
		1BFC5482278A021000CE9474 /* Base */ = {isa = PBXFileReference; lastKnownFileType = file.storyboard; name = Base; path = Base.lproj/LaunchScreen.storyboard; sourceTree = "<group>"; };
		1BFC5484278A021000CE9474 /* Info.plist */ = {isa = PBXFileReference; lastKnownFileType = text.plist.xml; path = Info.plist; sourceTree = "<group>"; };
/* End PBXFileReference section */

/* Begin PBXFrameworksBuildPhase section */
		1BFC5470278A020E00CE9474 /* Frameworks */ = {
			isa = PBXFrameworksBuildPhase;
			buildActionMask = 2147483647;
			files = (
				1B1999E1278A0AE300423F3D /* ASOS.framework in Frameworks */,
				1B1999B6278A061D00423F3D /* ASOSiPadOS.framework in Frameworks */,
				1B19999C278A031300423F3D /* ASOSiOS.framework in Frameworks */,
			);
			runOnlyForDeploymentPostprocessing = 0;
		};
/* End PBXFrameworksBuildPhase section */

/* Begin PBXGroup section */
		1B19999A278A031300423F3D /* Frameworks */ = {
			isa = PBXGroup;
			children = (
				1B1999E0278A0AE300423F3D /* ASOS.framework */,
				1B1999B5278A061D00423F3D /* ASOSiPadOS.framework */,
				1B19999B278A031300423F3D /* ASOSiOS.framework */,
			);
			name = Frameworks;
			sourceTree = "<group>";
		};
		1BFC546A278A020E00CE9474 = {
			isa = PBXGroup;
			children = (
				1BFC5475278A020E00CE9474 /* ASOS_App */,
				1BFC5474278A020E00CE9474 /* Products */,
				1B19999A278A031300423F3D /* Frameworks */,
			);
			sourceTree = "<group>";
		};
		1BFC5474278A020E00CE9474 /* Products */ = {
			isa = PBXGroup;
			children = (
				1BFC5473278A020E00CE9474 /* ASOS_App.app */,
			);
			name = Products;
			sourceTree = "<group>";
		};
		1BFC5475278A020E00CE9474 /* ASOS_App */ = {
			isa = PBXGroup;
			children = (
				1BFC5476278A020E00CE9474 /* AppDelegate.swift */,
				1BFC5478278A020E00CE9474 /* SceneDelegate.swift */,
				1BFC547F278A021000CE9474 /* Assets.xcassets */,
				1BFC5481278A021000CE9474 /* LaunchScreen.storyboard */,
				1BFC5484278A021000CE9474 /* Info.plist */,
			);
			path = ASOS_App;
			sourceTree = "<group>";
		};
/* End PBXGroup section */

/* Begin PBXNativeTarget section */
		1BFC5472278A020E00CE9474 /* ASOS_App */ = {
			isa = PBXNativeTarget;
			buildConfigurationList = 1BFC5487278A021000CE9474 /* Build configuration list for PBXNativeTarget "ASOS_App" */;
			buildPhases = (
				1BFC546F278A020E00CE9474 /* Sources */,
				1BFC5470278A020E00CE9474 /* Frameworks */,
				1BFC5471278A020E00CE9474 /* Resources */,
				1B19999E278A031300423F3D /* Embed Frameworks */,
			);
			buildRules = (
			);
			dependencies = (
			);
			name = ASOS_App;
			productName = ASOS_App;
			productReference = 1BFC5473278A020E00CE9474 /* ASOS_App.app */;
			productType = "com.apple.product-type.application";
		};
/* End PBXNativeTarget section */

/* Begin PBXProject section */
		1BFC546B278A020E00CE9474 /* Project object */ = {
			isa = PBXProject;
			attributes = {
				BuildIndependentTargetsInParallel = 1;
				LastSwiftUpdateCheck = 1320;
				LastUpgradeCheck = 1320;
				TargetAttributes = {
					1BFC5472278A020E00CE9474 = {
						CreatedOnToolsVersion = 13.2.1;
					};
				};
			};
			buildConfigurationList = 1BFC546E278A020E00CE9474 /* Build configuration list for PBXProject "ASOS_App" */;
			compatibilityVersion = "Xcode 13.0";
			developmentRegion = en;
			hasScannedForEncodings = 0;
			knownRegions = (
				en,
				Base,
			);
			mainGroup = 1BFC546A278A020E00CE9474;
			productRefGroup = 1BFC5474278A020E00CE9474 /* Products */;
			projectDirPath = "";
			projectRoot = "";
			targets = (
				1BFC5472278A020E00CE9474 /* ASOS_App */,
			);
		};
/* End PBXProject section */

/* Begin PBXResourcesBuildPhase section */
		1BFC5471278A020E00CE9474 /* Resources */ = {
			isa = PBXResourcesBuildPhase;
			buildActionMask = 2147483647;
			files = (
				1BFC5483278A021000CE9474 /* LaunchScreen.storyboard in Resources */,
				1BFC5480278A021000CE9474 /* Assets.xcassets in Resources */,
			);
			runOnlyForDeploymentPostprocessing = 0;
		};
/* End PBXResourcesBuildPhase section */

/* Begin PBXSourcesBuildPhase section */
		1BFC546F278A020E00CE9474 /* Sources */ = {
			isa = PBXSourcesBuildPhase;
			buildActionMask = 2147483647;
			files = (
				1BFC5477278A020E00CE9474 /* AppDelegate.swift in Sources */,
				1BFC5479278A020E00CE9474 /* SceneDelegate.swift in Sources */,
			);
			runOnlyForDeploymentPostprocessing = 0;
		};
/* End PBXSourcesBuildPhase section */

/* Begin PBXVariantGroup section */
		1BFC5481278A021000CE9474 /* LaunchScreen.storyboard */ = {
			isa = PBXVariantGroup;
			children = (
				1BFC5482278A021000CE9474 /* Base */,
			);
			name = LaunchScreen.storyboard;
			sourceTree = "<group>";
		};
/* End PBXVariantGroup section */

/* Begin XCBuildConfiguration section */
		1BFC5485278A021000CE9474 /* Debug */ = {
			isa = XCBuildConfiguration;
			buildSettings = {
				ALWAYS_SEARCH_USER_PATHS = NO;
				CLANG_ANALYZER_NONNULL = YES;
				CLANG_ANALYZER_NUMBER_OBJECT_CONVERSION = YES_AGGRESSIVE;
				CLANG_CXX_LANGUAGE_STANDARD = "gnu++17";
				CLANG_CXX_LIBRARY = "libc++";
				CLANG_ENABLE_MODULES = YES;
				CLANG_ENABLE_OBJC_ARC = YES;
				CLANG_ENABLE_OBJC_WEAK = YES;
				CLANG_WARN_BLOCK_CAPTURE_AUTORELEASING = YES;
				CLANG_WARN_BOOL_CONVERSION = YES;
				CLANG_WARN_COMMA = YES;
				CLANG_WARN_CONSTANT_CONVERSION = YES;
				CLANG_WARN_DEPRECATED_OBJC_IMPLEMENTATIONS = YES;
				CLANG_WARN_DIRECT_OBJC_ISA_USAGE = YES_ERROR;
				CLANG_WARN_DOCUMENTATION_COMMENTS = YES;
				CLANG_WARN_EMPTY_BODY = YES;
				CLANG_WARN_ENUM_CONVERSION = YES;
				CLANG_WARN_INFINITE_RECURSION = YES;
				CLANG_WARN_INT_CONVERSION = YES;
				CLANG_WARN_NON_LITERAL_NULL_CONVERSION = YES;
				CLANG_WARN_OBJC_IMPLICIT_RETAIN_SELF = YES;
				CLANG_WARN_OBJC_LITERAL_CONVERSION = YES;
				CLANG_WARN_OBJC_ROOT_CLASS = YES_ERROR;
				CLANG_WARN_QUOTED_INCLUDE_IN_FRAMEWORK_HEADER = YES;
				CLANG_WARN_RANGE_LOOP_ANALYSIS = YES;
				CLANG_WARN_STRICT_PROTOTYPES = YES;
				CLANG_WARN_SUSPICIOUS_MOVE = YES;
				CLANG_WARN_UNGUARDED_AVAILABILITY = YES_AGGRESSIVE;
				CLANG_WARN_UNREACHABLE_CODE = YES;
				CLANG_WARN__DUPLICATE_METHOD_MATCH = YES;
				COPY_PHASE_STRIP = NO;
				DEBUG_INFORMATION_FORMAT = dwarf;
				ENABLE_STRICT_OBJC_MSGSEND = YES;
				ENABLE_TESTABILITY = YES;
				GCC_C_LANGUAGE_STANDARD = gnu11;
				GCC_DYNAMIC_NO_PIC = NO;
				GCC_NO_COMMON_BLOCKS = YES;
				GCC_OPTIMIZATION_LEVEL = 0;
				GCC_PREPROCESSOR_DEFINITIONS = (
					"DEBUG=1",
					"$(inherited)",
				);
				GCC_WARN_64_TO_32_BIT_CONVERSION = YES;
				GCC_WARN_ABOUT_RETURN_TYPE = YES_ERROR;
				GCC_WARN_UNDECLARED_SELECTOR = YES;
				GCC_WARN_UNINITIALIZED_AUTOS = YES_AGGRESSIVE;
				GCC_WARN_UNUSED_FUNCTION = YES;
				GCC_WARN_UNUSED_VARIABLE = YES;
				IPHONEOS_DEPLOYMENT_TARGET = 14.0;
				MTL_ENABLE_DEBUG_INFO = INCLUDE_SOURCE;
				MTL_FAST_MATH = YES;
				ONLY_ACTIVE_ARCH = YES;
				SDKROOT = iphoneos;
				SWIFT_ACTIVE_COMPILATION_CONDITIONS = DEBUG;
				SWIFT_OPTIMIZATION_LEVEL = "-Onone";
			};
			name = Debug;
		};
		1BFC5486278A021000CE9474 /* Release */ = {
			isa = XCBuildConfiguration;
			buildSettings = {
				ALWAYS_SEARCH_USER_PATHS = NO;
				CLANG_ANALYZER_NONNULL = YES;
				CLANG_ANALYZER_NUMBER_OBJECT_CONVERSION = YES_AGGRESSIVE;
				CLANG_CXX_LANGUAGE_STANDARD = "gnu++17";
				CLANG_CXX_LIBRARY = "libc++";
				CLANG_ENABLE_MODULES = YES;
				CLANG_ENABLE_OBJC_ARC = YES;
				CLANG_ENABLE_OBJC_WEAK = YES;
				CLANG_WARN_BLOCK_CAPTURE_AUTORELEASING = YES;
				CLANG_WARN_BOOL_CONVERSION = YES;
				CLANG_WARN_COMMA = YES;
				CLANG_WARN_CONSTANT_CONVERSION = YES;
				CLANG_WARN_DEPRECATED_OBJC_IMPLEMENTATIONS = YES;
				CLANG_WARN_DIRECT_OBJC_ISA_USAGE = YES_ERROR;
				CLANG_WARN_DOCUMENTATION_COMMENTS = YES;
				CLANG_WARN_EMPTY_BODY = YES;
				CLANG_WARN_ENUM_CONVERSION = YES;
				CLANG_WARN_INFINITE_RECURSION = YES;
				CLANG_WARN_INT_CONVERSION = YES;
				CLANG_WARN_NON_LITERAL_NULL_CONVERSION = YES;
				CLANG_WARN_OBJC_IMPLICIT_RETAIN_SELF = YES;
				CLANG_WARN_OBJC_LITERAL_CONVERSION = YES;
				CLANG_WARN_OBJC_ROOT_CLASS = YES_ERROR;
				CLANG_WARN_QUOTED_INCLUDE_IN_FRAMEWORK_HEADER = YES;
				CLANG_WARN_RANGE_LOOP_ANALYSIS = YES;
				CLANG_WARN_STRICT_PROTOTYPES = YES;
				CLANG_WARN_SUSPICIOUS_MOVE = YES;
				CLANG_WARN_UNGUARDED_AVAILABILITY = YES_AGGRESSIVE;
				CLANG_WARN_UNREACHABLE_CODE = YES;
				CLANG_WARN__DUPLICATE_METHOD_MATCH = YES;
				COPY_PHASE_STRIP = NO;
				DEBUG_INFORMATION_FORMAT = "dwarf-with-dsym";
				ENABLE_NS_ASSERTIONS = NO;
				ENABLE_STRICT_OBJC_MSGSEND = YES;
				GCC_C_LANGUAGE_STANDARD = gnu11;
				GCC_NO_COMMON_BLOCKS = YES;
				GCC_WARN_64_TO_32_BIT_CONVERSION = YES;
				GCC_WARN_ABOUT_RETURN_TYPE = YES_ERROR;
				GCC_WARN_UNDECLARED_SELECTOR = YES;
				GCC_WARN_UNINITIALIZED_AUTOS = YES_AGGRESSIVE;
				GCC_WARN_UNUSED_FUNCTION = YES;
				GCC_WARN_UNUSED_VARIABLE = YES;
				IPHONEOS_DEPLOYMENT_TARGET = 14.0;
				MTL_ENABLE_DEBUG_INFO = NO;
				MTL_FAST_MATH = YES;
				SDKROOT = iphoneos;
				SWIFT_COMPILATION_MODE = wholemodule;
				SWIFT_OPTIMIZATION_LEVEL = "-O";
				VALIDATE_PRODUCT = YES;
			};
			name = Release;
		};
		1BFC5488278A021000CE9474 /* Debug */ = {
			isa = XCBuildConfiguration;
			buildSettings = {
				ASSETCATALOG_COMPILER_APPICON_NAME = AppIcon;
				ASSETCATALOG_COMPILER_GLOBAL_ACCENT_COLOR_NAME = AccentColor;
				CODE_SIGN_STYLE = Automatic;
				CURRENT_PROJECT_VERSION = 1;
				DEVELOPMENT_TEAM = HHWJTGZ862;
				GENERATE_INFOPLIST_FILE = YES;
				INFOPLIST_FILE = ASOS_App/Info.plist;
				INFOPLIST_KEY_UIApplicationSupportsIndirectInputEvents = YES;
				INFOPLIST_KEY_UILaunchStoryboardName = LaunchScreen;
				INFOPLIST_KEY_UISupportedInterfaceOrientations_iPad = "UIInterfaceOrientationPortrait UIInterfaceOrientationPortraitUpsideDown UIInterfaceOrientationLandscapeLeft UIInterfaceOrientationLandscapeRight";
				INFOPLIST_KEY_UISupportedInterfaceOrientations_iPhone = "UIInterfaceOrientationPortrait UIInterfaceOrientationLandscapeLeft UIInterfaceOrientationLandscapeRight";
				LD_RUNPATH_SEARCH_PATHS = (
					"$(inherited)",
					"@executable_path/Frameworks",
				);
				MARKETING_VERSION = 1.0;
				PRODUCT_BUNDLE_IDENTIFIER = "com.Zanaeira.ASOS-App";
				PRODUCT_NAME = "$(TARGET_NAME)";
				SWIFT_EMIT_LOC_STRINGS = YES;
				SWIFT_VERSION = 5.0;
				TARGETED_DEVICE_FAMILY = "1,2";
			};
			name = Debug;
		};
		1BFC5489278A021000CE9474 /* Release */ = {
			isa = XCBuildConfiguration;
			buildSettings = {
				ASSETCATALOG_COMPILER_APPICON_NAME = AppIcon;
				ASSETCATALOG_COMPILER_GLOBAL_ACCENT_COLOR_NAME = AccentColor;
				CODE_SIGN_STYLE = Automatic;
				CURRENT_PROJECT_VERSION = 1;
				DEVELOPMENT_TEAM = HHWJTGZ862;
				GENERATE_INFOPLIST_FILE = YES;
				INFOPLIST_FILE = ASOS_App/Info.plist;
				INFOPLIST_KEY_UIApplicationSupportsIndirectInputEvents = YES;
				INFOPLIST_KEY_UILaunchStoryboardName = LaunchScreen;
				INFOPLIST_KEY_UISupportedInterfaceOrientations_iPad = "UIInterfaceOrientationPortrait UIInterfaceOrientationPortraitUpsideDown UIInterfaceOrientationLandscapeLeft UIInterfaceOrientationLandscapeRight";
				INFOPLIST_KEY_UISupportedInterfaceOrientations_iPhone = "UIInterfaceOrientationPortrait UIInterfaceOrientationLandscapeLeft UIInterfaceOrientationLandscapeRight";
				LD_RUNPATH_SEARCH_PATHS = (
					"$(inherited)",
					"@executable_path/Frameworks",
				);
				MARKETING_VERSION = 1.0;
				PRODUCT_BUNDLE_IDENTIFIER = "com.Zanaeira.ASOS-App";
				PRODUCT_NAME = "$(TARGET_NAME)";
				SWIFT_EMIT_LOC_STRINGS = YES;
				SWIFT_VERSION = 5.0;
				TARGETED_DEVICE_FAMILY = "1,2";
			};
			name = Release;
		};
/* End XCBuildConfiguration section */

/* Begin XCConfigurationList section */
		1BFC546E278A020E00CE9474 /* Build configuration list for PBXProject "ASOS_App" */ = {
			isa = XCConfigurationList;
			buildConfigurations = (
				1BFC5485278A021000CE9474 /* Debug */,
				1BFC5486278A021000CE9474 /* Release */,
			);
			defaultConfigurationIsVisible = 0;
			defaultConfigurationName = Release;
		};
		1BFC5487278A021000CE9474 /* Build configuration list for PBXNativeTarget "ASOS_App" */ = {
			isa = XCConfigurationList;
			buildConfigurations = (
				1BFC5488278A021000CE9474 /* Debug */,
				1BFC5489278A021000CE9474 /* Release */,
			);
			defaultConfigurationIsVisible = 0;
			defaultConfigurationName = Release;
		};
/* End XCConfigurationList section */
	};
	rootObject = 1BFC546B278A020E00CE9474 /* Project object */;
}
