// !$*UTF8*$!
{
	archiveVersion = 1;
	classes = {
	};
	objectVersion = 55;
	objects = {

/* Begin PBXBuildFile section */
		1BFDFB372783A26B000B8385 /* AppDelegate.swift in Sources */ = {isa = PBXBuildFile; fileRef = 1BFDFB362783A26B000B8385 /* AppDelegate.swift */; };
		1BFDFB392783A26B000B8385 /* SceneDelegate.swift in Sources */ = {isa = PBXBuildFile; fileRef = 1BFDFB382783A26B000B8385 /* SceneDelegate.swift */; };
		1BFDFB402783A26D000B8385 /* Assets.xcassets in Resources */ = {isa = PBXBuildFile; fileRef = 1BFDFB3F2783A26D000B8385 /* Assets.xcassets */; };
		1BFDFB432783A26D000B8385 /* LaunchScreen.storyboard in Resources */ = {isa = PBXBuildFile; fileRef = 1BFDFB412783A26D000B8385 /* LaunchScreen.storyboard */; };
		1BFDFB4B2783A2ED000B8385 /* MainSplitViewController.swift in Sources */ = {isa = PBXBuildFile; fileRef = 1BFDFB4A2783A2ED000B8385 /* MainSplitViewController.swift */; };
		1BFDFB4D2783A309000B8385 /* Sidebar.swift in Sources */ = {isa = PBXBuildFile; fileRef = 1BFDFB4C2783A309000B8385 /* Sidebar.swift */; };
		1BFDFB4F2783A32B000B8385 /* HomeViewController.swift in Sources */ = {isa = PBXBuildFile; fileRef = 1BFDFB4E2783A32B000B8385 /* HomeViewController.swift */; };
		1BFDFB512783A355000B8385 /* MainTabBarController.swift in Sources */ = {isa = PBXBuildFile; fileRef = 1BFDFB502783A355000B8385 /* MainTabBarController.swift */; };
		1BFDFB552783B0AD000B8385 /* Item.swift in Sources */ = {isa = PBXBuildFile; fileRef = 1BFDFB542783B0AD000B8385 /* Item.swift */; };
		1BFDFB572783C532000B8385 /* GradientBackgroundView.swift in Sources */ = {isa = PBXBuildFile; fileRef = 1BFDFB562783C532000B8385 /* GradientBackgroundView.swift */; };
		1BFDFB592783D703000B8385 /* UIFont+Ext.swift in Sources */ = {isa = PBXBuildFile; fileRef = 1BFDFB582783D703000B8385 /* UIFont+Ext.swift */; };
		1BFDFB5B2783DB7A000B8385 /* HomeViewControllerSection.swift in Sources */ = {isa = PBXBuildFile; fileRef = 1BFDFB5A2783DB7A000B8385 /* HomeViewControllerSection.swift */; };
		1BFDFB63278405DA000B8385 /* ImageTextCell.swift in Sources */ = {isa = PBXBuildFile; fileRef = 1BFDFB62278405DA000B8385 /* ImageTextCell.swift */; };
		1BFDFB6527840627000B8385 /* UIImage+Ext.swift in Sources */ = {isa = PBXBuildFile; fileRef = 1BFDFB6427840627000B8385 /* UIImage+Ext.swift */; };
		1BFDFB672784068F000B8385 /* UILabel+Ext.swift in Sources */ = {isa = PBXBuildFile; fileRef = 1BFDFB662784068F000B8385 /* UILabel+Ext.swift */; };
		1BFDFB6927841C3D000B8385 /* YourEditCell.swift in Sources */ = {isa = PBXBuildFile; fileRef = 1BFDFB6827841C3D000B8385 /* YourEditCell.swift */; };
		1BFDFB6B2784AB56000B8385 /* RecentlyViewedCell.swift in Sources */ = {isa = PBXBuildFile; fileRef = 1BFDFB6A2784AB56000B8385 /* RecentlyViewedCell.swift */; };
		1BFDFB6D2784B02B000B8385 /* RecentlyViewedCellBackgroundView.swift in Sources */ = {isa = PBXBuildFile; fileRef = 1BFDFB6C2784B02B000B8385 /* RecentlyViewedCellBackgroundView.swift */; };
		1BFDFB6F2784B375000B8385 /* RecentlyViewedBackgroundDecorationView.swift in Sources */ = {isa = PBXBuildFile; fileRef = 1BFDFB6E2784B375000B8385 /* RecentlyViewedBackgroundDecorationView.swift */; };
		1BFDFB712784B77E000B8385 /* RecentlyViewedHeader.swift in Sources */ = {isa = PBXBuildFile; fileRef = 1BFDFB702784B77E000B8385 /* RecentlyViewedHeader.swift */; };
		1BFDFB81278654DB000B8385 /* ImageLabelsCell.swift in Sources */ = {isa = PBXBuildFile; fileRef = 1BFDFB80278654DB000B8385 /* ImageLabelsCell.swift */; };
		1BFDFB852786A5A7000B8385 /* DetailViewController.swift in Sources */ = {isa = PBXBuildFile; fileRef = 1BFDFB842786A5A7000B8385 /* DetailViewController.swift */; };
/* End PBXBuildFile section */

/* Begin PBXFileReference section */
		1BFDFB332783A26B000B8385 /* ASOS.app */ = {isa = PBXFileReference; explicitFileType = wrapper.application; includeInIndex = 0; path = ASOS.app; sourceTree = BUILT_PRODUCTS_DIR; };
		1BFDFB362783A26B000B8385 /* AppDelegate.swift */ = {isa = PBXFileReference; lastKnownFileType = sourcecode.swift; path = AppDelegate.swift; sourceTree = "<group>"; };
		1BFDFB382783A26B000B8385 /* SceneDelegate.swift */ = {isa = PBXFileReference; lastKnownFileType = sourcecode.swift; path = SceneDelegate.swift; sourceTree = "<group>"; };
		1BFDFB3F2783A26D000B8385 /* Assets.xcassets */ = {isa = PBXFileReference; lastKnownFileType = folder.assetcatalog; path = Assets.xcassets; sourceTree = "<group>"; };
		1BFDFB422783A26D000B8385 /* Base */ = {isa = PBXFileReference; lastKnownFileType = file.storyboard; name = Base; path = Base.lproj/LaunchScreen.storyboard; sourceTree = "<group>"; };
		1BFDFB442783A26D000B8385 /* Info.plist */ = {isa = PBXFileReference; lastKnownFileType = text.plist.xml; path = Info.plist; sourceTree = "<group>"; };
		1BFDFB4A2783A2ED000B8385 /* MainSplitViewController.swift */ = {isa = PBXFileReference; lastKnownFileType = sourcecode.swift; path = MainSplitViewController.swift; sourceTree = "<group>"; };
		1BFDFB4C2783A309000B8385 /* Sidebar.swift */ = {isa = PBXFileReference; lastKnownFileType = sourcecode.swift; path = Sidebar.swift; sourceTree = "<group>"; };
		1BFDFB4E2783A32B000B8385 /* HomeViewController.swift */ = {isa = PBXFileReference; lastKnownFileType = sourcecode.swift; path = HomeViewController.swift; sourceTree = "<group>"; };
		1BFDFB502783A355000B8385 /* MainTabBarController.swift */ = {isa = PBXFileReference; lastKnownFileType = sourcecode.swift; path = MainTabBarController.swift; sourceTree = "<group>"; };
		1BFDFB542783B0AD000B8385 /* Item.swift */ = {isa = PBXFileReference; lastKnownFileType = sourcecode.swift; path = Item.swift; sourceTree = "<group>"; };
		1BFDFB562783C532000B8385 /* GradientBackgroundView.swift */ = {isa = PBXFileReference; lastKnownFileType = sourcecode.swift; path = GradientBackgroundView.swift; sourceTree = "<group>"; };
		1BFDFB582783D703000B8385 /* UIFont+Ext.swift */ = {isa = PBXFileReference; lastKnownFileType = sourcecode.swift; path = "UIFont+Ext.swift"; sourceTree = "<group>"; };
		1BFDFB5A2783DB7A000B8385 /* HomeViewControllerSection.swift */ = {isa = PBXFileReference; lastKnownFileType = sourcecode.swift; path = HomeViewControllerSection.swift; sourceTree = "<group>"; };
		1BFDFB62278405DA000B8385 /* ImageTextCell.swift */ = {isa = PBXFileReference; lastKnownFileType = sourcecode.swift; path = ImageTextCell.swift; sourceTree = "<group>"; };
		1BFDFB6427840627000B8385 /* UIImage+Ext.swift */ = {isa = PBXFileReference; lastKnownFileType = sourcecode.swift; path = "UIImage+Ext.swift"; sourceTree = "<group>"; };
		1BFDFB662784068F000B8385 /* UILabel+Ext.swift */ = {isa = PBXFileReference; lastKnownFileType = sourcecode.swift; path = "UILabel+Ext.swift"; sourceTree = "<group>"; };
		1BFDFB6827841C3D000B8385 /* YourEditCell.swift */ = {isa = PBXFileReference; lastKnownFileType = sourcecode.swift; path = YourEditCell.swift; sourceTree = "<group>"; };
		1BFDFB6A2784AB56000B8385 /* RecentlyViewedCell.swift */ = {isa = PBXFileReference; lastKnownFileType = sourcecode.swift; path = RecentlyViewedCell.swift; sourceTree = "<group>"; };
		1BFDFB6C2784B02B000B8385 /* RecentlyViewedCellBackgroundView.swift */ = {isa = PBXFileReference; lastKnownFileType = sourcecode.swift; path = RecentlyViewedCellBackgroundView.swift; sourceTree = "<group>"; };
		1BFDFB6E2784B375000B8385 /* RecentlyViewedBackgroundDecorationView.swift */ = {isa = PBXFileReference; lastKnownFileType = sourcecode.swift; path = RecentlyViewedBackgroundDecorationView.swift; sourceTree = "<group>"; };
		1BFDFB702784B77E000B8385 /* RecentlyViewedHeader.swift */ = {isa = PBXFileReference; lastKnownFileType = sourcecode.swift; path = RecentlyViewedHeader.swift; sourceTree = "<group>"; };
		1BFDFB80278654DB000B8385 /* ImageLabelsCell.swift */ = {isa = PBXFileReference; lastKnownFileType = sourcecode.swift; path = ImageLabelsCell.swift; sourceTree = "<group>"; };
		1BFDFB842786A5A7000B8385 /* DetailViewController.swift */ = {isa = PBXFileReference; lastKnownFileType = sourcecode.swift; path = DetailViewController.swift; sourceTree = "<group>"; };
/* End PBXFileReference section */

/* Begin PBXFrameworksBuildPhase section */
		1BFDFB302783A26B000B8385 /* Frameworks */ = {
			isa = PBXFrameworksBuildPhase;
			buildActionMask = 2147483647;
			files = (
			);
			runOnlyForDeploymentPostprocessing = 0;
		};
/* End PBXFrameworksBuildPhase section */

/* Begin PBXGroup section */
		1BFDFB2A2783A26B000B8385 = {
			isa = PBXGroup;
			children = (
				1BFDFB352783A26B000B8385 /* ASOS */,
				1BFDFB342783A26B000B8385 /* Products */,
			);
			sourceTree = "<group>";
		};
		1BFDFB342783A26B000B8385 /* Products */ = {
			isa = PBXGroup;
			children = (
				1BFDFB332783A26B000B8385 /* ASOS.app */,
			);
			name = Products;
			sourceTree = "<group>";
		};
		1BFDFB352783A26B000B8385 /* ASOS */ = {
			isa = PBXGroup;
			children = (
				1BFDFB362783A26B000B8385 /* AppDelegate.swift */,
				1BFDFB382783A26B000B8385 /* SceneDelegate.swift */,
				1BFDFB5E27840535000B8385 /* UIKit Extensions */,
				1BFDFB5D2784052A000B8385 /* Models */,
				1BFDFB5F27840543000B8385 /* Views */,
				1BFDFB6027840551000B8385 /* Compact | iPhone Controllers */,
				1BFDFB6127840573000B8385 /* Shared Controllers */,
				1BFDFB5C27840509000B8385 /* iPad Controllers */,
				1BFDFB3F2783A26D000B8385 /* Assets.xcassets */,
				1BFDFB412783A26D000B8385 /* LaunchScreen.storyboard */,
				1BFDFB442783A26D000B8385 /* Info.plist */,
			);
			path = ASOS;
			sourceTree = "<group>";
		};
		1BFDFB5C27840509000B8385 /* iPad Controllers */ = {
			isa = PBXGroup;
			children = (
				1BFDFB4A2783A2ED000B8385 /* MainSplitViewController.swift */,
				1BFDFB4C2783A309000B8385 /* Sidebar.swift */,
			);
			path = "iPad Controllers";
			sourceTree = "<group>";
		};
		1BFDFB5D2784052A000B8385 /* Models */ = {
			isa = PBXGroup;
			children = (
				1BFDFB5A2783DB7A000B8385 /* HomeViewControllerSection.swift */,
				1BFDFB542783B0AD000B8385 /* Item.swift */,
			);
			path = Models;
			sourceTree = "<group>";
		};
		1BFDFB5E27840535000B8385 /* UIKit Extensions */ = {
			isa = PBXGroup;
			children = (
				1BFDFB582783D703000B8385 /* UIFont+Ext.swift */,
				1BFDFB6427840627000B8385 /* UIImage+Ext.swift */,
				1BFDFB662784068F000B8385 /* UILabel+Ext.swift */,
			);
			path = "UIKit Extensions";
			sourceTree = "<group>";
		};
		1BFDFB5F27840543000B8385 /* Views */ = {
			isa = PBXGroup;
			children = (
				1BFDFB562783C532000B8385 /* GradientBackgroundView.swift */,
				1BFDFB62278405DA000B8385 /* ImageTextCell.swift */,
				1BFDFB80278654DB000B8385 /* ImageLabelsCell.swift */,
				1BFDFB6827841C3D000B8385 /* YourEditCell.swift */,
				1BFDFB6A2784AB56000B8385 /* RecentlyViewedCell.swift */,
				1BFDFB702784B77E000B8385 /* RecentlyViewedHeader.swift */,
				1BFDFB6C2784B02B000B8385 /* RecentlyViewedCellBackgroundView.swift */,
				1BFDFB6E2784B375000B8385 /* RecentlyViewedBackgroundDecorationView.swift */,
			);
			path = Views;
			sourceTree = "<group>";
		};
		1BFDFB6027840551000B8385 /* Compact | iPhone Controllers */ = {
			isa = PBXGroup;
			children = (
				1BFDFB502783A355000B8385 /* MainTabBarController.swift */,
			);
			path = "Compact | iPhone Controllers";
			sourceTree = "<group>";
		};
		1BFDFB6127840573000B8385 /* Shared Controllers */ = {
			isa = PBXGroup;
			children = (
				1BFDFB4E2783A32B000B8385 /* HomeViewController.swift */,
				1BFDFB842786A5A7000B8385 /* DetailViewController.swift */,
			);
			path = "Shared Controllers";
			sourceTree = "<group>";
		};
/* End PBXGroup section */

/* Begin PBXNativeTarget section */
		1BFDFB322783A26B000B8385 /* ASOS */ = {
			isa = PBXNativeTarget;
			buildConfigurationList = 1BFDFB472783A26D000B8385 /* Build configuration list for PBXNativeTarget "ASOS" */;
			buildPhases = (
				1BFDFB2F2783A26B000B8385 /* Sources */,
				1BFDFB302783A26B000B8385 /* Frameworks */,
				1BFDFB312783A26B000B8385 /* Resources */,
			);
			buildRules = (
			);
			dependencies = (
			);
			name = ASOS;
			productName = ASOS;
			productReference = 1BFDFB332783A26B000B8385 /* ASOS.app */;
			productType = "com.apple.product-type.application";
		};
/* End PBXNativeTarget section */

/* Begin PBXProject section */
		1BFDFB2B2783A26B000B8385 /* Project object */ = {
			isa = PBXProject;
			attributes = {
				BuildIndependentTargetsInParallel = 1;
				LastSwiftUpdateCheck = 1320;
				LastUpgradeCheck = 1320;
				TargetAttributes = {
					1BFDFB322783A26B000B8385 = {
						CreatedOnToolsVersion = 13.2.1;
					};
				};
			};
			buildConfigurationList = 1BFDFB2E2783A26B000B8385 /* Build configuration list for PBXProject "ASOS" */;
			compatibilityVersion = "Xcode 13.0";
			developmentRegion = en;
			hasScannedForEncodings = 0;
			knownRegions = (
				en,
				Base,
			);
			mainGroup = 1BFDFB2A2783A26B000B8385;
			productRefGroup = 1BFDFB342783A26B000B8385 /* Products */;
			projectDirPath = "";
			projectRoot = "";
			targets = (
				1BFDFB322783A26B000B8385 /* ASOS */,
			);
		};
/* End PBXProject section */

/* Begin PBXResourcesBuildPhase section */
		1BFDFB312783A26B000B8385 /* Resources */ = {
			isa = PBXResourcesBuildPhase;
			buildActionMask = 2147483647;
			files = (
				1BFDFB432783A26D000B8385 /* LaunchScreen.storyboard in Resources */,
				1BFDFB402783A26D000B8385 /* Assets.xcassets in Resources */,
			);
			runOnlyForDeploymentPostprocessing = 0;
		};
/* End PBXResourcesBuildPhase section */

/* Begin PBXSourcesBuildPhase section */
		1BFDFB2F2783A26B000B8385 /* Sources */ = {
			isa = PBXSourcesBuildPhase;
			buildActionMask = 2147483647;
			files = (
				1BFDFB4F2783A32B000B8385 /* HomeViewController.swift in Sources */,
				1BFDFB372783A26B000B8385 /* AppDelegate.swift in Sources */,
				1BFDFB6B2784AB56000B8385 /* RecentlyViewedCell.swift in Sources */,
				1BFDFB512783A355000B8385 /* MainTabBarController.swift in Sources */,
				1BFDFB392783A26B000B8385 /* SceneDelegate.swift in Sources */,
				1BFDFB81278654DB000B8385 /* ImageLabelsCell.swift in Sources */,
				1BFDFB5B2783DB7A000B8385 /* HomeViewControllerSection.swift in Sources */,
				1BFDFB852786A5A7000B8385 /* DetailViewController.swift in Sources */,
				1BFDFB592783D703000B8385 /* UIFont+Ext.swift in Sources */,
				1BFDFB672784068F000B8385 /* UILabel+Ext.swift in Sources */,
				1BFDFB6527840627000B8385 /* UIImage+Ext.swift in Sources */,
				1BFDFB572783C532000B8385 /* GradientBackgroundView.swift in Sources */,
				1BFDFB712784B77E000B8385 /* RecentlyViewedHeader.swift in Sources */,
				1BFDFB6D2784B02B000B8385 /* RecentlyViewedCellBackgroundView.swift in Sources */,
				1BFDFB552783B0AD000B8385 /* Item.swift in Sources */,
				1BFDFB4D2783A309000B8385 /* Sidebar.swift in Sources */,
				1BFDFB63278405DA000B8385 /* ImageTextCell.swift in Sources */,
				1BFDFB6927841C3D000B8385 /* YourEditCell.swift in Sources */,
				1BFDFB6F2784B375000B8385 /* RecentlyViewedBackgroundDecorationView.swift in Sources */,
				1BFDFB4B2783A2ED000B8385 /* MainSplitViewController.swift in Sources */,
			);
			runOnlyForDeploymentPostprocessing = 0;
		};
/* End PBXSourcesBuildPhase section */

/* Begin PBXVariantGroup section */
		1BFDFB412783A26D000B8385 /* LaunchScreen.storyboard */ = {
			isa = PBXVariantGroup;
			children = (
				1BFDFB422783A26D000B8385 /* Base */,
			);
			name = LaunchScreen.storyboard;
			sourceTree = "<group>";
		};
/* End PBXVariantGroup section */

/* Begin XCBuildConfiguration section */
		1BFDFB452783A26D000B8385 /* Debug */ = {
			isa = XCBuildConfiguration;
			buildSettings = {
				ALWAYS_SEARCH_USER_PATHS = NO;
				CLANG_ANALYZER_NONNULL = YES;
				CLANG_ANALYZER_NUMBER_OBJECT_CONVERSION = YES_AGGRESSIVE;
				CLANG_CXX_LANGUAGE_STANDARD = "gnu++17";
				CLANG_CXX_LIBRARY = "libc++";
				CLANG_ENABLE_MODULES = YES;
				CLANG_ENABLE_OBJC_ARC = YES;
				CLANG_ENABLE_OBJC_WEAK = YES;
				CLANG_WARN_BLOCK_CAPTURE_AUTORELEASING = YES;
				CLANG_WARN_BOOL_CONVERSION = YES;
				CLANG_WARN_COMMA = YES;
				CLANG_WARN_CONSTANT_CONVERSION = YES;
				CLANG_WARN_DEPRECATED_OBJC_IMPLEMENTATIONS = YES;
				CLANG_WARN_DIRECT_OBJC_ISA_USAGE = YES_ERROR;
				CLANG_WARN_DOCUMENTATION_COMMENTS = YES;
				CLANG_WARN_EMPTY_BODY = YES;
				CLANG_WARN_ENUM_CONVERSION = YES;
				CLANG_WARN_INFINITE_RECURSION = YES;
				CLANG_WARN_INT_CONVERSION = YES;
				CLANG_WARN_NON_LITERAL_NULL_CONVERSION = YES;
				CLANG_WARN_OBJC_IMPLICIT_RETAIN_SELF = YES;
				CLANG_WARN_OBJC_LITERAL_CONVERSION = YES;
				CLANG_WARN_OBJC_ROOT_CLASS = YES_ERROR;
				CLANG_WARN_QUOTED_INCLUDE_IN_FRAMEWORK_HEADER = YES;
				CLANG_WARN_RANGE_LOOP_ANALYSIS = YES;
				CLANG_WARN_STRICT_PROTOTYPES = YES;
				CLANG_WARN_SUSPICIOUS_MOVE = YES;
				CLANG_WARN_UNGUARDED_AVAILABILITY = YES_AGGRESSIVE;
				CLANG_WARN_UNREACHABLE_CODE = YES;
				CLANG_WARN__DUPLICATE_METHOD_MATCH = YES;
				COPY_PHASE_STRIP = NO;
				DEBUG_INFORMATION_FORMAT = dwarf;
				ENABLE_STRICT_OBJC_MSGSEND = YES;
				ENABLE_TESTABILITY = YES;
				GCC_C_LANGUAGE_STANDARD = gnu11;
				GCC_DYNAMIC_NO_PIC = NO;
				GCC_NO_COMMON_BLOCKS = YES;
				GCC_OPTIMIZATION_LEVEL = 0;
				GCC_PREPROCESSOR_DEFINITIONS = (
					"DEBUG=1",
					"$(inherited)",
				);
				GCC_WARN_64_TO_32_BIT_CONVERSION = YES;
				GCC_WARN_ABOUT_RETURN_TYPE = YES_ERROR;
				GCC_WARN_UNDECLARED_SELECTOR = YES;
				GCC_WARN_UNINITIALIZED_AUTOS = YES_AGGRESSIVE;
				GCC_WARN_UNUSED_FUNCTION = YES;
				GCC_WARN_UNUSED_VARIABLE = YES;
				IPHONEOS_DEPLOYMENT_TARGET = 14.0;
				MTL_ENABLE_DEBUG_INFO = INCLUDE_SOURCE;
				MTL_FAST_MATH = YES;
				ONLY_ACTIVE_ARCH = YES;
				SDKROOT = iphoneos;
				SWIFT_ACTIVE_COMPILATION_CONDITIONS = DEBUG;
				SWIFT_OPTIMIZATION_LEVEL = "-Onone";
			};
			name = Debug;
		};
		1BFDFB462783A26D000B8385 /* Release */ = {
			isa = XCBuildConfiguration;
			buildSettings = {
				ALWAYS_SEARCH_USER_PATHS = NO;
				CLANG_ANALYZER_NONNULL = YES;
				CLANG_ANALYZER_NUMBER_OBJECT_CONVERSION = YES_AGGRESSIVE;
				CLANG_CXX_LANGUAGE_STANDARD = "gnu++17";
				CLANG_CXX_LIBRARY = "libc++";
				CLANG_ENABLE_MODULES = YES;
				CLANG_ENABLE_OBJC_ARC = YES;
				CLANG_ENABLE_OBJC_WEAK = YES;
				CLANG_WARN_BLOCK_CAPTURE_AUTORELEASING = YES;
				CLANG_WARN_BOOL_CONVERSION = YES;
				CLANG_WARN_COMMA = YES;
				CLANG_WARN_CONSTANT_CONVERSION = YES;
				CLANG_WARN_DEPRECATED_OBJC_IMPLEMENTATIONS = YES;
				CLANG_WARN_DIRECT_OBJC_ISA_USAGE = YES_ERROR;
				CLANG_WARN_DOCUMENTATION_COMMENTS = YES;
				CLANG_WARN_EMPTY_BODY = YES;
				CLANG_WARN_ENUM_CONVERSION = YES;
				CLANG_WARN_INFINITE_RECURSION = YES;
				CLANG_WARN_INT_CONVERSION = YES;
				CLANG_WARN_NON_LITERAL_NULL_CONVERSION = YES;
				CLANG_WARN_OBJC_IMPLICIT_RETAIN_SELF = YES;
				CLANG_WARN_OBJC_LITERAL_CONVERSION = YES;
				CLANG_WARN_OBJC_ROOT_CLASS = YES_ERROR;
				CLANG_WARN_QUOTED_INCLUDE_IN_FRAMEWORK_HEADER = YES;
				CLANG_WARN_RANGE_LOOP_ANALYSIS = YES;
				CLANG_WARN_STRICT_PROTOTYPES = YES;
				CLANG_WARN_SUSPICIOUS_MOVE = YES;
				CLANG_WARN_UNGUARDED_AVAILABILITY = YES_AGGRESSIVE;
				CLANG_WARN_UNREACHABLE_CODE = YES;
				CLANG_WARN__DUPLICATE_METHOD_MATCH = YES;
				COPY_PHASE_STRIP = NO;
				DEBUG_INFORMATION_FORMAT = "dwarf-with-dsym";
				ENABLE_NS_ASSERTIONS = NO;
				ENABLE_STRICT_OBJC_MSGSEND = YES;
				GCC_C_LANGUAGE_STANDARD = gnu11;
				GCC_NO_COMMON_BLOCKS = YES;
				GCC_WARN_64_TO_32_BIT_CONVERSION = YES;
				GCC_WARN_ABOUT_RETURN_TYPE = YES_ERROR;
				GCC_WARN_UNDECLARED_SELECTOR = YES;
				GCC_WARN_UNINITIALIZED_AUTOS = YES_AGGRESSIVE;
				GCC_WARN_UNUSED_FUNCTION = YES;
				GCC_WARN_UNUSED_VARIABLE = YES;
				IPHONEOS_DEPLOYMENT_TARGET = 14.0;
				MTL_ENABLE_DEBUG_INFO = NO;
				MTL_FAST_MATH = YES;
				SDKROOT = iphoneos;
				SWIFT_COMPILATION_MODE = wholemodule;
				SWIFT_OPTIMIZATION_LEVEL = "-O";
				VALIDATE_PRODUCT = YES;
			};
			name = Release;
		};
		1BFDFB482783A26D000B8385 /* Debug */ = {
			isa = XCBuildConfiguration;
			buildSettings = {
				ASSETCATALOG_COMPILER_APPICON_NAME = AppIcon;
				ASSETCATALOG_COMPILER_GLOBAL_ACCENT_COLOR_NAME = AccentColor;
				CODE_SIGN_STYLE = Automatic;
				CURRENT_PROJECT_VERSION = 1;
				DEVELOPMENT_TEAM = HHWJTGZ862;
				GENERATE_INFOPLIST_FILE = YES;
				INFOPLIST_FILE = ASOS/Info.plist;
				INFOPLIST_KEY_UIApplicationSupportsIndirectInputEvents = YES;
				INFOPLIST_KEY_UILaunchStoryboardName = LaunchScreen;
				INFOPLIST_KEY_UISupportedInterfaceOrientations_iPad = "UIInterfaceOrientationPortrait UIInterfaceOrientationPortraitUpsideDown UIInterfaceOrientationLandscapeLeft UIInterfaceOrientationLandscapeRight";
				INFOPLIST_KEY_UISupportedInterfaceOrientations_iPhone = "UIInterfaceOrientationPortrait UIInterfaceOrientationLandscapeLeft UIInterfaceOrientationLandscapeRight";
				IPHONEOS_DEPLOYMENT_TARGET = 14.0;
				LD_RUNPATH_SEARCH_PATHS = (
					"$(inherited)",
					"@executable_path/Frameworks",
				);
				MARKETING_VERSION = 1.0;
				PRODUCT_BUNDLE_IDENTIFIER = com.Zanaeira.ASOS;
				PRODUCT_NAME = "$(TARGET_NAME)";
				SWIFT_EMIT_LOC_STRINGS = YES;
				SWIFT_VERSION = 5.0;
				TARGETED_DEVICE_FAMILY = "1,2";
			};
			name = Debug;
		};
		1BFDFB492783A26D000B8385 /* Release */ = {
			isa = XCBuildConfiguration;
			buildSettings = {
				ASSETCATALOG_COMPILER_APPICON_NAME = AppIcon;
				ASSETCATALOG_COMPILER_GLOBAL_ACCENT_COLOR_NAME = AccentColor;
				CODE_SIGN_STYLE = Automatic;
				CURRENT_PROJECT_VERSION = 1;
				DEVELOPMENT_TEAM = HHWJTGZ862;
				GENERATE_INFOPLIST_FILE = YES;
				INFOPLIST_FILE = ASOS/Info.plist;
				INFOPLIST_KEY_UIApplicationSupportsIndirectInputEvents = YES;
				INFOPLIST_KEY_UILaunchStoryboardName = LaunchScreen;
				INFOPLIST_KEY_UISupportedInterfaceOrientations_iPad = "UIInterfaceOrientationPortrait UIInterfaceOrientationPortraitUpsideDown UIInterfaceOrientationLandscapeLeft UIInterfaceOrientationLandscapeRight";
				INFOPLIST_KEY_UISupportedInterfaceOrientations_iPhone = "UIInterfaceOrientationPortrait UIInterfaceOrientationLandscapeLeft UIInterfaceOrientationLandscapeRight";
				IPHONEOS_DEPLOYMENT_TARGET = 14.0;
				LD_RUNPATH_SEARCH_PATHS = (
					"$(inherited)",
					"@executable_path/Frameworks",
				);
				MARKETING_VERSION = 1.0;
				PRODUCT_BUNDLE_IDENTIFIER = com.Zanaeira.ASOS;
				PRODUCT_NAME = "$(TARGET_NAME)";
				SWIFT_EMIT_LOC_STRINGS = YES;
				SWIFT_VERSION = 5.0;
				TARGETED_DEVICE_FAMILY = "1,2";
			};
			name = Release;
		};
/* End XCBuildConfiguration section */

/* Begin XCConfigurationList section */
		1BFDFB2E2783A26B000B8385 /* Build configuration list for PBXProject "ASOS" */ = {
			isa = XCConfigurationList;
			buildConfigurations = (
				1BFDFB452783A26D000B8385 /* Debug */,
				1BFDFB462783A26D000B8385 /* Release */,
			);
			defaultConfigurationIsVisible = 0;
			defaultConfigurationName = Release;
		};
		1BFDFB472783A26D000B8385 /* Build configuration list for PBXNativeTarget "ASOS" */ = {
			isa = XCConfigurationList;
			buildConfigurations = (
				1BFDFB482783A26D000B8385 /* Debug */,
				1BFDFB492783A26D000B8385 /* Release */,
			);
			defaultConfigurationIsVisible = 0;
			defaultConfigurationName = Release;
		};
/* End XCConfigurationList section */
	};
	rootObject = 1BFDFB2B2783A26B000B8385 /* Project object */;
}
